
Microsoft Visual Studio Solution File, Format Version 12.00
# Visual Studio Version 16
VisualStudioVersion = 16.0.30626.31
MinimumVisualStudioVersion = 10.0.40219.1
Project("{2150E333-8FDC-42A3-9474-1A3956D46DE8}") = "src", "src", "{AD164201-DD0F-48C3-84D2-7661C93B3E81}"
EndProject
Project("{2150E333-8FDC-42A3-9474-1A3956D46DE8}") = "test", "test", "{EEF8FF98-ED28-483B-976D-AF3C43328686}"
EndProject
Project("{FAE04EC0-301F-11D3-BF4B-00C04F79EFBC}") = "Toy.Compiler", "src\Toy.Compiler\Toy.Compiler.csproj", "{221E5C9E-4029-4C97-AC1B-8F00ABBCBE6F}"
EndProject
Project("{FAE04EC0-301F-11D3-BF4B-00C04F79EFBC}") = "Toy.Compiler.Lexer", "src\Toy.Compiler.Lexer\Toy.Compiler.Lexer.csproj", "{5FA54F66-36D7-46EA-A218-3A77F65A6F64}"
EndProject
Project("{FAE04EC0-301F-11D3-BF4B-00C04F79EFBC}") = "Toy.Compiler.Parser", "src\Toy.Compiler.Parser\Toy.Compiler.Parser.csproj", "{A2768436-6C49-44C0-A21D-8CE5A925BB89}"
EndProject
Global
	GlobalSection(SolutionConfigurationPlatforms) = preSolution
		Debug|Any CPU = Debug|Any CPU
		Release|Any CPU = Release|Any CPU
	EndGlobalSection
	GlobalSection(ProjectConfigurationPlatforms) = postSolution
		{221E5C9E-4029-4C97-AC1B-8F00ABBCBE6F}.Debug|Any CPU.ActiveCfg = Debug|Any CPU
		{221E5C9E-4029-4C97-AC1B-8F00ABBCBE6F}.Debug|Any CPU.Build.0 = Debug|Any CPU
		{221E5C9E-4029-4C97-AC1B-8F00ABBCBE6F}.Release|Any CPU.ActiveCfg = Release|Any CPU
		{221E5C9E-4029-4C97-AC1B-8F00ABBCBE6F}.Release|Any CPU.Build.0 = Release|Any CPU
		{5FA54F66-36D7-46EA-A218-3A77F65A6F64}.Debug|Any CPU.ActiveCfg = Debug|Any CPU
		{5FA54F66-36D7-46EA-A218-3A77F65A6F64}.Debug|Any CPU.Build.0 = Debug|Any CPU
		{5FA54F66-36D7-46EA-A218-3A77F65A6F64}.Release|Any CPU.ActiveCfg = Release|Any CPU
		{5FA54F66-36D7-46EA-A218-3A77F65A6F64}.Release|Any CPU.Build.0 = Release|Any CPU
		{A2768436-6C49-44C0-A21D-8CE5A925BB89}.Debug|Any CPU.ActiveCfg = Debug|Any CPU
		{A2768436-6C49-44C0-A21D-8CE5A925BB89}.Debug|Any CPU.Build.0 = Debug|Any CPU
		{A2768436-6C49-44C0-A21D-8CE5A925BB89}.Release|Any CPU.ActiveCfg = Release|Any CPU
		{A2768436-6C49-44C0-A21D-8CE5A925BB89}.Release|Any CPU.Build.0 = Release|Any CPU
	EndGlobalSection
	GlobalSection(SolutionProperties) = preSolution
		HideSolutionNode = FALSE
	EndGlobalSection
	GlobalSection(NestedProjects) = preSolution
		{221E5C9E-4029-4C97-AC1B-8F00ABBCBE6F} = {AD164201-DD0F-48C3-84D2-7661C93B3E81}
		{5FA54F66-36D7-46EA-A218-3A77F65A6F64} = {AD164201-DD0F-48C3-84D2-7661C93B3E81}
		{A2768436-6C49-44C0-A21D-8CE5A925BB89} = {AD164201-DD0F-48C3-84D2-7661C93B3E81}
	EndGlobalSection
	GlobalSection(ExtensibilityGlobals) = postSolution
		SolutionGuid = {225F63D5-10E4-4C7F-A094-0C6F2128414D}
	EndGlobalSection
EndGlobal
